
Microsoft Visual Studio Solution File, Format Version 12.00
# Visual Studio 15
VisualStudioVersion = 15.0.28010.2048
MinimumVisualStudioVersion = 10.0.40219.1
Project("{FAE04EC0-301F-11D3-BF4B-00C04F79EFBC}") = "File", "File\File.csproj", "{C5FFB1D9-968D-4A15-BC6E-F3BCE2E2873E}"
EndProject
Global
	GlobalSection(SolutionConfigurationPlatforms) = preSolution
		Debug|Any CPU = Debug|Any CPU
		Release|Any CPU = Release|Any CPU
	EndGlobalSection
	GlobalSection(ProjectConfigurationPlatforms) = postSolution
		{C5FFB1D9-968D-4A15-BC6E-F3BCE2E2873E}.Debug|Any CPU.ActiveCfg = Debug|Any CPU
		{C5FFB1D9-968D-4A15-BC6E-F3BCE2E2873E}.Debug|Any CPU.Build.0 = Debug|Any CPU
		{C5FFB1D9-968D-4A15-BC6E-F3BCE2E2873E}.Release|Any CPU.ActiveCfg = Release|Any CPU
		{C5FFB1D9-968D-4A15-BC6E-F3BCE2E2873E}.Release|Any CPU.Build.0 = Release|Any CPU
	EndGlobalSection
	GlobalSection(SolutionProperties) = preSolution
		HideSolutionNode = FALSE
	EndGlobalSection
	GlobalSection(ExtensibilityGlobals) = postSolution
		SolutionGuid = {FB45FADB-5F63-4550-839B-829E5878E464}
	EndGlobalSection
EndGlobal
